
Microsoft Visual Studio Solution File, Format Version 12.00
# Visual Studio Version 16
VisualStudioVersion = 16.0.30114.105
MinimumVisualStudioVersion = 10.0.40219.1
Project("{FAE04EC0-301F-11D3-BF4B-00C04F79EFBC}") = "R5T.T0141.Construction", "R5T.T0141.Construction\R5T.T0141.Construction.csproj", "{81C80568-F567-4962-9657-2F31F60E4073}"
EndProject
Project("{FAE04EC0-301F-11D3-BF4B-00C04F79EFBC}") = "R5T.T0141", "R5T.T0141\R5T.T0141.csproj", "{AC74B10C-574A-4F60-AC40-4DA565D2CD2D}"
EndProject
Global
	GlobalSection(SolutionConfigurationPlatforms) = preSolution
		Debug|Any CPU = Debug|Any CPU
		Debug|x64 = Debug|x64
		Debug|x86 = Debug|x86
		Release|Any CPU = Release|Any CPU
		Release|x64 = Release|x64
		Release|x86 = Release|x86
	EndGlobalSection
	GlobalSection(SolutionProperties) = preSolution
		HideSolutionNode = FALSE
	EndGlobalSection
	GlobalSection(ProjectConfigurationPlatforms) = postSolution
		{81C80568-F567-4962-9657-2F31F60E4073}.Debug|Any CPU.ActiveCfg = Debug|Any CPU
		{81C80568-F567-4962-9657-2F31F60E4073}.Debug|Any CPU.Build.0 = Debug|Any CPU
		{81C80568-F567-4962-9657-2F31F60E4073}.Debug|x64.ActiveCfg = Debug|Any CPU
		{81C80568-F567-4962-9657-2F31F60E4073}.Debug|x64.Build.0 = Debug|Any CPU
		{81C80568-F567-4962-9657-2F31F60E4073}.Debug|x86.ActiveCfg = Debug|Any CPU
		{81C80568-F567-4962-9657-2F31F60E4073}.Debug|x86.Build.0 = Debug|Any CPU
		{81C80568-F567-4962-9657-2F31F60E4073}.Release|Any CPU.ActiveCfg = Release|Any CPU
		{81C80568-F567-4962-9657-2F31F60E4073}.Release|Any CPU.Build.0 = Release|Any CPU
		{81C80568-F567-4962-9657-2F31F60E4073}.Release|x64.ActiveCfg = Release|Any CPU
		{81C80568-F567-4962-9657-2F31F60E4073}.Release|x64.Build.0 = Release|Any CPU
		{81C80568-F567-4962-9657-2F31F60E4073}.Release|x86.ActiveCfg = Release|Any CPU
		{81C80568-F567-4962-9657-2F31F60E4073}.Release|x86.Build.0 = Release|Any CPU
		{AC74B10C-574A-4F60-AC40-4DA565D2CD2D}.Debug|Any CPU.ActiveCfg = Debug|Any CPU
		{AC74B10C-574A-4F60-AC40-4DA565D2CD2D}.Debug|Any CPU.Build.0 = Debug|Any CPU
		{AC74B10C-574A-4F60-AC40-4DA565D2CD2D}.Debug|x64.ActiveCfg = Debug|Any CPU
		{AC74B10C-574A-4F60-AC40-4DA565D2CD2D}.Debug|x64.Build.0 = Debug|Any CPU
		{AC74B10C-574A-4F60-AC40-4DA565D2CD2D}.Debug|x86.ActiveCfg = Debug|Any CPU
		{AC74B10C-574A-4F60-AC40-4DA565D2CD2D}.Debug|x86.Build.0 = Debug|Any CPU
		{AC74B10C-574A-4F60-AC40-4DA565D2CD2D}.Release|Any CPU.ActiveCfg = Release|Any CPU
		{AC74B10C-574A-4F60-AC40-4DA565D2CD2D}.Release|Any CPU.Build.0 = Release|Any CPU
		{AC74B10C-574A-4F60-AC40-4DA565D2CD2D}.Release|x64.ActiveCfg = Release|Any CPU
		{AC74B10C-574A-4F60-AC40-4DA565D2CD2D}.Release|x64.Build.0 = Release|Any CPU
		{AC74B10C-574A-4F60-AC40-4DA565D2CD2D}.Release|x86.ActiveCfg = Release|Any CPU
		{AC74B10C-574A-4F60-AC40-4DA565D2CD2D}.Release|x86.Build.0 = Release|Any CPU
	EndGlobalSection
EndGlobal
